
Microsoft Visual Studio Solution File, Format Version 12.00
# Visual Studio Version 17
VisualStudioVersion = 17.4.33110.190
MinimumVisualStudioVersion = 15.0.26124.0
Project("{9A19103F-16F7-4668-BE54-9A1E7A4F7556}") = "Cdk2", "Cdk2\Cdk2.csproj", "{6F556E42-6A80-4FC3-B4CC-3CB3B50BAE3A}"
EndProject
Project("{9A19103F-16F7-4668-BE54-9A1E7A4F7556}") = "APILambda", "AWSLambda1\APILambda.csproj", "{8F65D396-7FB3-4507-AC90-D229EF637548}"
EndProject
Global
	GlobalSection(SolutionConfigurationPlatforms) = preSolution
		Debug|Any CPU = Debug|Any CPU
		Debug|x64 = Debug|x64
		Debug|x86 = Debug|x86
		Release|Any CPU = Release|Any CPU
		Release|x64 = Release|x64
		Release|x86 = Release|x86
	EndGlobalSection
	GlobalSection(ProjectConfigurationPlatforms) = postSolution
		{6F556E42-6A80-4FC3-B4CC-3CB3B50BAE3A}.Debug|Any CPU.ActiveCfg = Debug|Any CPU
		{6F556E42-6A80-4FC3-B4CC-3CB3B50BAE3A}.Debug|Any CPU.Build.0 = Debug|Any CPU
		{6F556E42-6A80-4FC3-B4CC-3CB3B50BAE3A}.Debug|x64.ActiveCfg = Debug|Any CPU
		{6F556E42-6A80-4FC3-B4CC-3CB3B50BAE3A}.Debug|x64.Build.0 = Debug|Any CPU
		{6F556E42-6A80-4FC3-B4CC-3CB3B50BAE3A}.Debug|x86.ActiveCfg = Debug|Any CPU
		{6F556E42-6A80-4FC3-B4CC-3CB3B50BAE3A}.Debug|x86.Build.0 = Debug|Any CPU
		{6F556E42-6A80-4FC3-B4CC-3CB3B50BAE3A}.Release|Any CPU.ActiveCfg = Release|Any CPU
		{6F556E42-6A80-4FC3-B4CC-3CB3B50BAE3A}.Release|Any CPU.Build.0 = Release|Any CPU
		{6F556E42-6A80-4FC3-B4CC-3CB3B50BAE3A}.Release|x64.ActiveCfg = Release|Any CPU
		{6F556E42-6A80-4FC3-B4CC-3CB3B50BAE3A}.Release|x64.Build.0 = Release|Any CPU
		{6F556E42-6A80-4FC3-B4CC-3CB3B50BAE3A}.Release|x86.ActiveCfg = Release|Any CPU
		{6F556E42-6A80-4FC3-B4CC-3CB3B50BAE3A}.Release|x86.Build.0 = Release|Any CPU
		{8F65D396-7FB3-4507-AC90-D229EF637548}.Debug|Any CPU.ActiveCfg = Debug|Any CPU
		{8F65D396-7FB3-4507-AC90-D229EF637548}.Debug|Any CPU.Build.0 = Debug|Any CPU
		{8F65D396-7FB3-4507-AC90-D229EF637548}.Debug|x64.ActiveCfg = Debug|Any CPU
		{8F65D396-7FB3-4507-AC90-D229EF637548}.Debug|x64.Build.0 = Debug|Any CPU
		{8F65D396-7FB3-4507-AC90-D229EF637548}.Debug|x86.ActiveCfg = Debug|Any CPU
		{8F65D396-7FB3-4507-AC90-D229EF637548}.Debug|x86.Build.0 = Debug|Any CPU
		{8F65D396-7FB3-4507-AC90-D229EF637548}.Release|Any CPU.ActiveCfg = Release|Any CPU
		{8F65D396-7FB3-4507-AC90-D229EF637548}.Release|Any CPU.Build.0 = Release|Any CPU
		{8F65D396-7FB3-4507-AC90-D229EF637548}.Release|x64.ActiveCfg = Release|Any CPU
		{8F65D396-7FB3-4507-AC90-D229EF637548}.Release|x64.Build.0 = Release|Any CPU
		{8F65D396-7FB3-4507-AC90-D229EF637548}.Release|x86.ActiveCfg = Release|Any CPU
		{8F65D396-7FB3-4507-AC90-D229EF637548}.Release|x86.Build.0 = Release|Any CPU
	EndGlobalSection
	GlobalSection(SolutionProperties) = preSolution
		HideSolutionNode = FALSE
	EndGlobalSection
	GlobalSection(ExtensibilityGlobals) = postSolution
		SolutionGuid = {FC6974C2-9B87-417E-8203-775E5191FAA9}
	EndGlobalSection
EndGlobal
